<?xml version="1.0" encoding="utf-8"?>
<Project ToolsVersion="4.0" xmlns="http://schemas.microsoft.com/developer/msbuild/2003">
  <ItemGroup>
    <Filter Include="소스 파일">
      <UniqueIdentifier>{4FC737F1-C7A5-4376-A066-2A32D752A2FF}</UniqueIdentifier>
      <Extensions>cpp;c;cc;cxx;c++;cppm;ixx;def;odl;idl;hpj;bat;asm;asmx</Extensions>
    </Filter>
    <Filter Include="헤더 파일">
      <UniqueIdentifier>{93995380-89BD-4b04-88EB-625FBE52EBFB}</UniqueIdentifier>
      <Extensions>h;hh;hpp;hxx;h++;hm;inl;inc;ipp;xsd</Extensions>
    </Filter>
    <Filter Include="리소스 파일">
      <UniqueIdentifier>{67DA6AB6-F800-4c08-8B7A-83BB121AAD01}</UniqueIdentifier>
      <Extensions>rc;ico;cur;bmp;dlg;rc2;rct;bin;rgs;gif;jpg;jpeg;jpe;resx;tiff;tif;png;wav;mfcribbon-ms</Extensions>
    </Filter>
    <Filter Include="헤더 파일\Headers">
      <UniqueIdentifier>{ef5fd162-6b5c-49d0-8255-788eb6b6ee3d}</UniqueIdentifier>
    </Filter>
    <Filter Include="헤더 파일\Include">
      <UniqueIdentifier>{6dbca4c0-7aa8-4050-bbe9-67f55e8aad10}</UniqueIdentifier>
    </Filter>
    <Filter Include="소스 파일\00. MainUpdate">
      <UniqueIdentifier>{e5472297-e5a2-4b79-b817-03a6d50d4e4c}</UniqueIdentifier>
    </Filter>
    <Filter Include="소스 파일\01. Scene">
      <UniqueIdentifier>{620c74d1-e0e9-4408-ade2-2090f36ab703}</UniqueIdentifier>
    </Filter>
    <Filter Include="소스 파일\02. Object">
      <UniqueIdentifier>{cd86b791-9607-4854-a72a-c7c1f3b67ad3}</UniqueIdentifier>
    </Filter>
    <Filter Include="소스 파일\99. Manager">
      <UniqueIdentifier>{528f4a16-c921-44b1-bd97-df01b3ef6afe}</UniqueIdentifier>
    </Filter>
    <Filter Include="소스 파일\02. Object\Bullet">
      <UniqueIdentifier>{4d4cae93-b402-4d99-a224-cf1f3e70561d}</UniqueIdentifier>
    </Filter>
    <Filter Include="소스 파일\02. Object\Enemy">
      <UniqueIdentifier>{9e9fa57f-d103-42b8-be2f-41886baa06b7}</UniqueIdentifier>
    </Filter>
    <Filter Include="소스 파일\02. Object\Player">
      <UniqueIdentifier>{154719d2-b392-4916-b824-2d486f13f7c9}</UniqueIdentifier>
    </Filter>
    <Filter Include="소스 파일\01. Scene\Logo">
      <UniqueIdentifier>{aee341b7-0f14-4410-a5dc-b23d58806f1d}</UniqueIdentifier>
    </Filter>
    <Filter Include="소스 파일\01. Scene\Menu">
      <UniqueIdentifier>{f00153ca-a01d-41c7-95e8-d545b5d89af9}</UniqueIdentifier>
    </Filter>
    <Filter Include="소스 파일\01. Scene\Stage">
      <UniqueIdentifier>{ee27c478-e81d-4892-b8c1-a05f959bd967}</UniqueIdentifier>
    </Filter>
    <Filter Include="소스 파일\99. Manager\InputManager">
      <UniqueIdentifier>{5ef9eb4c-6e6c-49fa-ba3f-002a58fbc8cc}</UniqueIdentifier>
    </Filter>
    <Filter Include="소스 파일\99. Manager\ObjectFactory">
      <UniqueIdentifier>{00362abf-c076-475c-88cd-c2f15a0aa28b}</UniqueIdentifier>
    </Filter>
    <Filter Include="소스 파일\99. Manager\ObjectManager">
      <UniqueIdentifier>{232bd2c2-5e3f-4a42-96ef-cc7ccf669a57}</UniqueIdentifier>
    </Filter>
    <Filter Include="소스 파일\99. Manager\SceneManager">
      <UniqueIdentifier>{ee2207fc-57d4-4479-87ff-c58ef98f3d7c}</UniqueIdentifier>
    </Filter>
    <Filter Include="소스 파일\99. Manager\Pattern">
      <UniqueIdentifier>{a548b184-b91c-43b8-b826-f659ca020231}</UniqueIdentifier>
    </Filter>
    <Filter Include="소스 파일\99. Manager\Pattern\Prototype">
      <UniqueIdentifier>{ab15e6f0-9797-4dd6-8569-a7ad3dd1b12f}</UniqueIdentifier>
    </Filter>
    <Filter Include="소스 파일\99. Manager\CollisionManager">
      <UniqueIdentifier>{bfd29dc4-8124-47ff-a70c-a694a76d0c90}</UniqueIdentifier>
    </Filter>
    <Filter Include="소스 파일\99. Manager\MathManager">
      <UniqueIdentifier>{137836cd-84c4-4169-b9e4-6d74da496c31}</UniqueIdentifier>
    </Filter>
    <Filter Include="소스 파일\99. Manager\RenderManager">
      <UniqueIdentifier>{84c92547-6995-4512-be12-1aa8f8d0f0d1}</UniqueIdentifier>
    </Filter>
    <Filter Include="소스 파일\99. Manager\RenderManager\Bitmap">
      <UniqueIdentifier>{5c0e7c88-281f-4729-920c-d9021fd496fb}</UniqueIdentifier>
    </Filter>
    <Filter Include="소스 파일\02. Object\HammerEffect">
      <UniqueIdentifier>{65f7cea3-2c63-4726-ab4e-935cfbc6f7bc}</UniqueIdentifier>
    </Filter>
    <Filter Include="소스 파일\02. Object\EnemyHole">
      <UniqueIdentifier>{fd2dc172-e18e-4054-962d-a13e21893790}</UniqueIdentifier>
    </Filter>
    <Filter Include="소스 파일\99. Manager\Pattern\Bridge">
      <UniqueIdentifier>{c4d1bd83-aff2-4aa2-8d00-d8d24fc923b9}</UniqueIdentifier>
    </Filter>
    <Filter Include="소스 파일\02. Object\Bullet\BulletBridge">
      <UniqueIdentifier>{c10b6be3-1b0a-465f-b4ef-f7853c366814}</UniqueIdentifier>
    </Filter>
    <Filter Include="소스 파일\02. Object\Bullet\BulletBridge\NormalBullet">
      <UniqueIdentifier>{8158568a-9e7a-4da1-884a-02e88d0557b9}</UniqueIdentifier>
    </Filter>
    <Filter Include="소스 파일\02. Object\Bullet\BulletBridge\BigBullet">
      <UniqueIdentifier>{ead73b8a-88e9-47ba-afb6-1919bb763561}</UniqueIdentifier>
    </Filter>
    <Filter Include="소스 파일\02. Object\Enemy2">
      <UniqueIdentifier>{0e3adf68-2d93-4b76-ae1c-4f9e2f0921e3}</UniqueIdentifier>
    </Filter>
    <Filter Include="소스 파일\01. Scene\Level">
      <UniqueIdentifier>{3d98c21d-7b89-4dcf-b585-237bb413e09f}</UniqueIdentifier>
    </Filter>
    <Filter Include="소스 파일\02. Object\BackGround">
      <UniqueIdentifier>{e7263433-58f5-4544-9ea4-0d918d700894}</UniqueIdentifier>
    </Filter>
    <Filter Include="소스 파일\02. Object\BackGround\Logo_Back">
      <UniqueIdentifier>{45522862-c2b8-43d3-aad0-c0f977e8f984}</UniqueIdentifier>
    </Filter>
    <Filter Include="소스 파일\02. Object\BackGround\Menu_Back">
      <UniqueIdentifier>{ed4e16e5-2726-4b2a-a685-db959bf0604a}</UniqueIdentifier>
    </Filter>
    <Filter Include="소스 파일\02. Object\BackGround\Stage_Back">
      <UniqueIdentifier>{2c929ed0-c929-4160-958b-ae0494390414}</UniqueIdentifier>
    </Filter>
    <Filter Include="소스 파일\02. Object\BackGround\Level_Back">
      <UniqueIdentifier>{4aef67cf-cde9-4f45-abac-36e34efd4823}</UniqueIdentifier>
    </Filter>
    <Filter Include="소스 파일\01. Scene\Stage1">
      <UniqueIdentifier>{38500472-221f-4685-a2b8-525b813f8e9f}</UniqueIdentifier>
    </Filter>
    <Filter Include="소스 파일\02. Object\BackGround\Stage1_Back">
      <UniqueIdentifier>{c5ad5048-aeec-4cc5-b111-dedcacb8c7d1}</UniqueIdentifier>
    </Filter>
    <Filter Include="소스 파일\02. Object\Bullet\BulletBridge\EnemyBullet">
      <UniqueIdentifier>{763dfa3c-fb80-4036-8f79-aca484845483}</UniqueIdentifier>
    </Filter>
    <Filter Include="소스 파일\02. Object\Boss">
      <UniqueIdentifier>{71d93b93-0d46-4075-94bb-3fda72341be0}</UniqueIdentifier>
    </Filter>
    <Filter Include="소스 파일\02. Object\Bullet\BossBullet">
      <UniqueIdentifier>{ffe914ad-65b3-41ff-95c5-c6344a346f06}</UniqueIdentifier>
    </Filter>
    <Filter Include="소스 파일\02. Object\Bullet\BossBullet2">
      <UniqueIdentifier>{e24fb49d-5d0e-45d7-85c8-90fb9af826bf}</UniqueIdentifier>
    </Filter>
    <Filter Include="소스 파일\02. Object\Bullet\BossBullet3">
      <UniqueIdentifier>{35ae7a9b-0ea6-49c7-a2d8-1d23d0c8b693}</UniqueIdentifier>
    </Filter>
  </ItemGroup>
  <ItemGroup>
    <ClInclude Include="API_Framework.h">
      <Filter>헤더 파일\Headers</Filter>
    </ClInclude>
    <ClInclude Include="framework.h">
      <Filter>헤더 파일\Headers</Filter>
    </ClInclude>
    <ClInclude Include="Resource.h">
      <Filter>헤더 파일\Headers</Filter>
    </ClInclude>
    <ClInclude Include="targetver.h">
      <Filter>헤더 파일\Headers</Filter>
    </ClInclude>
    <ClInclude Include="Struct.h">
      <Filter>헤더 파일\Include</Filter>
    </ClInclude>
    <ClInclude Include="Enum.h">
      <Filter>헤더 파일\Include</Filter>
    </ClInclude>
    <ClInclude Include="Define.h">
      <Filter>헤더 파일\Include</Filter>
    </ClInclude>
    <ClInclude Include="Constant.h">
      <Filter>헤더 파일\Include</Filter>
    </ClInclude>
    <ClInclude Include="MainUpdate.h">
      <Filter>소스 파일\00. MainUpdate</Filter>
    </ClInclude>
    <ClInclude Include="Scene.h">
      <Filter>소스 파일\01. Scene</Filter>
    </ClInclude>
    <ClInclude Include="Object.h">
      <Filter>소스 파일\02. Object</Filter>
    </ClInclude>
    <ClInclude Include="Bullet.h">
      <Filter>소스 파일\02. Object\Bullet</Filter>
    </ClInclude>
    <ClInclude Include="Enemy.h">
      <Filter>소스 파일\02. Object\Enemy</Filter>
    </ClInclude>
    <ClInclude Include="Player.h">
      <Filter>소스 파일\02. Object\Player</Filter>
    </ClInclude>
    <ClInclude Include="Logo.h">
      <Filter>소스 파일\01. Scene\Logo</Filter>
    </ClInclude>
    <ClInclude Include="Menu.h">
      <Filter>소스 파일\01. Scene\Menu</Filter>
    </ClInclude>
    <ClInclude Include="Stage.h">
      <Filter>소스 파일\01. Scene\Stage</Filter>
    </ClInclude>
    <ClInclude Include="InputManager.h">
      <Filter>소스 파일\99. Manager\InputManager</Filter>
    </ClInclude>
    <ClInclude Include="ObjectFactory.h">
      <Filter>소스 파일\99. Manager\ObjectFactory</Filter>
    </ClInclude>
    <ClInclude Include="ObjectManager.h">
      <Filter>소스 파일\99. Manager\ObjectManager</Filter>
    </ClInclude>
    <ClInclude Include="Prototype.h">
      <Filter>소스 파일\99. Manager\Pattern\Prototype</Filter>
    </ClInclude>
    <ClInclude Include="SceneManager.h">
      <Filter>소스 파일\99. Manager\SceneManager</Filter>
    </ClInclude>
    <ClInclude Include="CollisionManager.h">
      <Filter>소스 파일\99. Manager\CollisionManager</Filter>
    </ClInclude>
    <ClInclude Include="MathManager.h">
      <Filter>소스 파일\99. Manager\MathManager</Filter>
    </ClInclude>
    <ClInclude Include="RenderManager.h">
      <Filter>소스 파일\99. Manager\RenderManager</Filter>
    </ClInclude>
    <ClInclude Include="Bitmap.h">
      <Filter>소스 파일\99. Manager\RenderManager\Bitmap</Filter>
    </ClInclude>
    <ClInclude Include="Stage_Back.h">
      <Filter>소스 파일\02. Object\BackGround\Stage_Back</Filter>
    </ClInclude>
    <ClInclude Include="Headers.h">
      <Filter>헤더 파일</Filter>
    </ClInclude>
    <ClInclude Include="HammerEffect.h">
      <Filter>소스 파일\02. Object\HammerEffect</Filter>
    </ClInclude>
    <ClInclude Include="EnemyHole.h">
      <Filter>소스 파일\02. Object\EnemyHole</Filter>
    </ClInclude>
    <ClInclude Include="Bridge.h">
      <Filter>소스 파일\99. Manager\Pattern\Bridge</Filter>
    </ClInclude>
    <ClInclude Include="BulletBridge.h">
      <Filter>소스 파일\02. Object\Bullet\BulletBridge</Filter>
    </ClInclude>
    <ClInclude Include="NormalBullet.h">
      <Filter>소스 파일\02. Object\Bullet\BulletBridge\NormalBullet</Filter>
    </ClInclude>
    <ClInclude Include="BigBullet.h">
      <Filter>소스 파일\02. Object\Bullet\BulletBridge\BigBullet</Filter>
    </ClInclude>
    <ClInclude Include="Enemy2.h">
      <Filter>소스 파일\02. Object\Enemy2</Filter>
    </ClInclude>
    <ClInclude Include="Logo_Back.h">
      <Filter>소스 파일\02. Object\BackGround\Logo_Back</Filter>
    </ClInclude>
    <ClInclude Include="Menu_Back.h">
      <Filter>소스 파일\02. Object\BackGround\Menu_Back</Filter>
    </ClInclude>
    <ClInclude Include="Level.h">
      <Filter>소스 파일\01. Scene\Level</Filter>
    </ClInclude>
    <ClInclude Include="Level_Back.h">
      <Filter>소스 파일\02. Object\BackGround\Level_Back</Filter>
    </ClInclude>
    <ClInclude Include="Stage1.h">
      <Filter>소스 파일\01. Scene\Stage1</Filter>
    </ClInclude>
    <ClInclude Include="Stage1_Back.h">
      <Filter>소스 파일\02. Object\BackGround\Stage1_Back</Filter>
    </ClInclude>
    <ClInclude Include="EnemyBullet1.h">
      <Filter>소스 파일\02. Object\Bullet\BulletBridge\EnemyBullet</Filter>
    </ClInclude>
    <ClInclude Include="EnemyBullet2.h">
      <Filter>소스 파일\02. Object\Bullet\BulletBridge\EnemyBullet</Filter>
    </ClInclude>
    <ClInclude Include="EnemyBullet3.h">
      <Filter>소스 파일\02. Object\Bullet\BulletBridge\EnemyBullet</Filter>
    </ClInclude>
    <ClInclude Include="EnemyBullet4.h">
      <Filter>소스 파일\02. Object\Bullet\BulletBridge\EnemyBullet</Filter>
    </ClInclude>
    <ClInclude Include="EnemyBullet5.h">
      <Filter>소스 파일\02. Object\Bullet\BulletBridge\EnemyBullet</Filter>
    </ClInclude>
    <ClInclude Include="Boss.h">
      <Filter>소스 파일\02. Object\Boss</Filter>
    </ClInclude>
    <ClInclude Include="Blt.h">
      <Filter>헤더 파일\Include</Filter>
    </ClInclude>
    <ClInclude Include="BossBullet1.h">
      <Filter>소스 파일\02. Object\Bullet\BossBullet</Filter>
    </ClInclude>
    <ClInclude Include="BossBullet2.h">
      <Filter>소스 파일\02. Object\Bullet\BossBullet</Filter>
    </ClInclude>
    <ClInclude Include="BossBullet3.h">
      <Filter>소스 파일\02. Object\Bullet\BossBullet</Filter>
    </ClInclude>
    <ClInclude Include="BossBullet4.h">
      <Filter>소스 파일\02. Object\Bullet\BossBullet</Filter>
    </ClInclude>
    <ClInclude Include="BossBullet5.h">
      <Filter>소스 파일\02. Object\Bullet\BossBullet</Filter>
    </ClInclude>
    <ClInclude Include="BossBullet6.h">
      <Filter>소스 파일\02. Object\Bullet\BossBullet</Filter>
    </ClInclude>
    <ClInclude Include="BossBullet7.h">
      <Filter>소스 파일\02. Object\Bullet\BossBullet</Filter>
    </ClInclude>
    <ClInclude Include="BossBullet8.h">
      <Filter>소스 파일\02. Object\Bullet\BossBullet</Filter>
    </ClInclude>
    <ClInclude Include="Sbullet1.h">
      <Filter>소스 파일\02. Object\Bullet\BossBullet2</Filter>
    </ClInclude>
    <ClInclude Include="Sbullet2.h">
      <Filter>소스 파일\02. Object\Bullet\BossBullet2</Filter>
    </ClInclude>
    <ClInclude Include="Sbullet3.h">
      <Filter>소스 파일\02. Object\Bullet\BossBullet2</Filter>
    </ClInclude>
    <ClInclude Include="Sbullet4.h">
      <Filter>소스 파일\02. Object\Bullet\BossBullet2</Filter>
    </ClInclude>
    <ClInclude Include="Sbullet5.h">
      <Filter>소스 파일\02. Object\Bullet\BossBullet2</Filter>
    </ClInclude>
    <ClInclude Include="Sbullet6.h">
      <Filter>소스 파일\02. Object\Bullet\BossBullet2</Filter>
    </ClInclude>
    <ClInclude Include="Sbullet7.h">
      <Filter>소스 파일\02. Object\Bullet\BossBullet2</Filter>
    </ClInclude>
    <ClInclude Include="Sbullet8.h">
      <Filter>소스 파일\02. Object\Bullet\BossBullet2</Filter>
    </ClInclude>
    <ClInclude Include="Sbullet10.h">
      <Filter>소스 파일\02. Object\Bullet\BossBullet2</Filter>
    </ClInclude>
    <ClInclude Include="Sbullet11.h">
      <Filter>소스 파일\02. Object\Bullet\BossBullet2</Filter>
    </ClInclude>
    <ClInclude Include="Sbullet12.h">
      <Filter>소스 파일\02. Object\Bullet\BossBullet2</Filter>
    </ClInclude>
    <ClInclude Include="Sbullet13.h">
      <Filter>소스 파일\02. Object\Bullet\BossBullet2</Filter>
    </ClInclude>
    <ClInclude Include="Sbullet9.h">
      <Filter>소스 파일\02. Object\Bullet\BossBullet2</Filter>
    </ClInclude>
    <ClInclude Include="Sbullet14.h">
      <Filter>소스 파일\02. Object\Bullet\BossBullet2</Filter>
    </ClInclude>
    <ClInclude Include="Sbullet15.h">
      <Filter>소스 파일\02. Object\Bullet\BossBullet2</Filter>
    </ClInclude>
    <ClInclude Include="Sbullet16.h">
      <Filter>소스 파일\02. Object\Bullet\BossBullet2</Filter>
    </ClInclude>
    <ClInclude Include="Magic.h">
      <Filter>소스 파일\02. Object\Bullet\BossBullet3</Filter>
    </ClInclude>
  </ItemGroup>
  <ItemGroup>
    <ClCompile Include="API_Framework.cpp">
      <Filter>소스 파일</Filter>
    </ClCompile>
    <ClCompile Include="MainUpdate.cpp">
      <Filter>소스 파일\00. MainUpdate</Filter>
    </ClCompile>
    <ClCompile Include="Scene.cpp">
      <Filter>소스 파일\01. Scene</Filter>
    </ClCompile>
    <ClCompile Include="Object.cpp">
      <Filter>소스 파일\02. Object</Filter>
    </ClCompile>
    <ClCompile Include="Bullet.cpp">
      <Filter>소스 파일\02. Object\Bullet</Filter>
    </ClCompile>
    <ClCompile Include="Enemy.cpp">
      <Filter>소스 파일\02. Object\Enemy</Filter>
    </ClCompile>
    <ClCompile Include="Player.cpp">
      <Filter>소스 파일\02. Object\Player</Filter>
    </ClCompile>
    <ClCompile Include="Logo.cpp">
      <Filter>소스 파일\01. Scene\Logo</Filter>
    </ClCompile>
    <ClCompile Include="Menu.cpp">
      <Filter>소스 파일\01. Scene\Menu</Filter>
    </ClCompile>
    <ClCompile Include="Stage.cpp">
      <Filter>소스 파일\01. Scene\Stage</Filter>
    </ClCompile>
    <ClCompile Include="InputManager.cpp">
      <Filter>소스 파일\99. Manager\InputManager</Filter>
    </ClCompile>
    <ClCompile Include="ObjectManager.cpp">
      <Filter>소스 파일\99. Manager\ObjectManager</Filter>
    </ClCompile>
    <ClCompile Include="Prototype.cpp">
      <Filter>소스 파일\99. Manager\Pattern\Prototype</Filter>
    </ClCompile>
    <ClCompile Include="SceneManager.cpp">
      <Filter>소스 파일\99. Manager\SceneManager</Filter>
    </ClCompile>
    <ClCompile Include="MathManager.cpp">
      <Filter>소스 파일\99. Manager\MathManager</Filter>
    </ClCompile>
    <ClCompile Include="RenderManager.cpp">
      <Filter>소스 파일\99. Manager\RenderManager</Filter>
    </ClCompile>
    <ClCompile Include="Bitmap.cpp">
      <Filter>소스 파일\99. Manager\RenderManager\Bitmap</Filter>
    </ClCompile>
    <ClCompile Include="HammerEffect.cpp">
      <Filter>소스 파일\02. Object\HammerEffect</Filter>
    </ClCompile>
    <ClCompile Include="EnemyHole.cpp">
      <Filter>소스 파일\02. Object\EnemyHole</Filter>
    </ClCompile>
    <ClCompile Include="Bridge.cpp">
      <Filter>소스 파일\99. Manager\Pattern\Bridge</Filter>
    </ClCompile>
    <ClCompile Include="BulletBridge.cpp">
      <Filter>소스 파일\02. Object\Bullet\BulletBridge</Filter>
    </ClCompile>
    <ClCompile Include="NormalBullet.cpp">
      <Filter>소스 파일\02. Object\Bullet\BulletBridge\NormalBullet</Filter>
    </ClCompile>
    <ClCompile Include="BigBullet.cpp">
      <Filter>소스 파일\02. Object\Bullet\BulletBridge\BigBullet</Filter>
    </ClCompile>
    <ClCompile Include="Enemy2.cpp">
      <Filter>소스 파일\02. Object\Enemy2</Filter>
    </ClCompile>
    <ClCompile Include="Logo_Back.cpp">
      <Filter>소스 파일\02. Object\BackGround\Logo_Back</Filter>
    </ClCompile>
    <ClCompile Include="Stage_Back.cpp">
      <Filter>소스 파일\02. Object\BackGround\Stage_Back</Filter>
    </ClCompile>
    <ClCompile Include="Menu_Back.cpp">
      <Filter>소스 파일\02. Object\BackGround\Menu_Back</Filter>
    </ClCompile>
    <ClCompile Include="Level.cpp">
      <Filter>소스 파일\01. Scene\Level</Filter>
    </ClCompile>
    <ClCompile Include="Level_Back.cpp">
      <Filter>소스 파일\02. Object\BackGround\Level_Back</Filter>
    </ClCompile>
    <ClCompile Include="Stage1.cpp">
      <Filter>소스 파일\01. Scene\Stage1</Filter>
    </ClCompile>
    <ClCompile Include="Stage1_Back.cpp">
      <Filter>소스 파일\02. Object\BackGround\Stage1_Back</Filter>
    </ClCompile>
    <ClCompile Include="EnemyBullet1.cpp">
      <Filter>소스 파일\02. Object\Bullet\BulletBridge\EnemyBullet</Filter>
    </ClCompile>
    <ClCompile Include="EnemyBullet2.cpp">
      <Filter>소스 파일\02. Object\Bullet\BulletBridge\EnemyBullet</Filter>
    </ClCompile>
    <ClCompile Include="EnemyBullet3.cpp">
      <Filter>소스 파일\02. Object\Bullet\BulletBridge\EnemyBullet</Filter>
    </ClCompile>
    <ClCompile Include="EnemyBullet5.cpp">
      <Filter>소스 파일\02. Object\Bullet\BulletBridge\EnemyBullet</Filter>
    </ClCompile>
    <ClCompile Include="EnemyBullet4.cpp">
      <Filter>소스 파일\02. Object\Bullet\BulletBridge\EnemyBullet</Filter>
    </ClCompile>
    <ClCompile Include="Boss.cpp">
      <Filter>소스 파일\02. Object\Boss</Filter>
    </ClCompile>
    <ClCompile Include="BossBullet1.cpp">
      <Filter>소스 파일\02. Object\Bullet\BossBullet</Filter>
    </ClCompile>
    <ClCompile Include="BossBullet2.cpp">
      <Filter>소스 파일\02. Object\Bullet\BossBullet</Filter>
    </ClCompile>
    <ClCompile Include="BossBullet3.cpp">
      <Filter>소스 파일\02. Object\Bullet\BossBullet</Filter>
    </ClCompile>
    <ClCompile Include="BossBullet4.cpp">
      <Filter>소스 파일\02. Object\Bullet\BossBullet</Filter>
    </ClCompile>
    <ClCompile Include="BossBullet5.cpp">
      <Filter>소스 파일\02. Object\Bullet\BossBullet</Filter>
    </ClCompile>
    <ClCompile Include="BossBullet6.cpp">
      <Filter>소스 파일\02. Object\Bullet\BossBullet</Filter>
    </ClCompile>
    <ClCompile Include="BossBullet7.cpp">
      <Filter>소스 파일\02. Object\Bullet\BossBullet</Filter>
    </ClCompile>
    <ClCompile Include="BossBullet8.cpp">
      <Filter>소스 파일\02. Object\Bullet\BossBullet</Filter>
    </ClCompile>
    <ClCompile Include="Sbullet1.cpp">
      <Filter>소스 파일\02. Object\Bullet\BossBullet2</Filter>
    </ClCompile>
    <ClCompile Include="Sbullet2.cpp">
      <Filter>소스 파일\02. Object\Bullet\BossBullet2</Filter>
    </ClCompile>
    <ClCompile Include="Sbullet3.cpp">
      <Filter>소스 파일\02. Object\Bullet\BossBullet2</Filter>
    </ClCompile>
    <ClCompile Include="Sbullet4.cpp">
      <Filter>소스 파일\02. Object\Bullet\BossBullet2</Filter>
    </ClCompile>
    <ClCompile Include="Sbullet5.cpp">
      <Filter>소스 파일\02. Object\Bullet\BossBullet2</Filter>
    </ClCompile>
    <ClCompile Include="Sbullet6.cpp">
      <Filter>소스 파일\02. Object\Bullet\BossBullet2</Filter>
    </ClCompile>
    <ClCompile Include="Sbullet7.cpp">
      <Filter>소스 파일\02. Object\Bullet\BossBullet2</Filter>
    </ClCompile>
    <ClCompile Include="Sbullet8.cpp">
      <Filter>소스 파일\02. Object\Bullet\BossBullet2</Filter>
    </ClCompile>
    <ClCompile Include="Sbullet9.cpp">
      <Filter>소스 파일\02. Object\Bullet\BossBullet2</Filter>
    </ClCompile>
    <ClCompile Include="Sbullet10.cpp">
      <Filter>소스 파일\02. Object\Bullet\BossBullet2</Filter>
    </ClCompile>
    <ClCompile Include="Sbullet11.cpp">
      <Filter>소스 파일\02. Object\Bullet\BossBullet2</Filter>
    </ClCompile>
    <ClCompile Include="Sbullet12.cpp">
      <Filter>소스 파일\02. Object\Bullet\BossBullet2</Filter>
    </ClCompile>
    <ClCompile Include="Sbullet13.cpp">
      <Filter>소스 파일\02. Object\Bullet\BossBullet2</Filter>
    </ClCompile>
    <ClCompile Include="Sbullet14.cpp">
      <Filter>소스 파일\02. Object\Bullet\BossBullet2</Filter>
    </ClCompile>
    <ClCompile Include="Sbullet15.cpp">
      <Filter>소스 파일\02. Object\Bullet\BossBullet2</Filter>
    </ClCompile>
    <ClCompile Include="Sbullet16.cpp">
      <Filter>소스 파일\02. Object\Bullet\BossBullet2</Filter>
    </ClCompile>
    <ClCompile Include="Magic.cpp">
      <Filter>소스 파일\02. Object\Bullet\BossBullet3</Filter>
    </ClCompile>
  </ItemGroup>
  <ItemGroup>
    <ResourceCompile Include="API_Framework.rc">
      <Filter>리소스 파일</Filter>
    </ResourceCompile>
  </ItemGroup>
  <ItemGroup>
    <Image Include="small.ico">
      <Filter>리소스 파일</Filter>
    </Image>
    <Image Include="API_Framework.ico">
      <Filter>리소스 파일</Filter>
    </Image>
  </ItemGroup>
</Project>