
Microsoft Visual Studio Solution File, Format Version 12.00
# Visual Studio Version 16
VisualStudioVersion = 16.0.31605.320
MinimumVisualStudioVersion = 10.0.40219.1
Project("{8BC9CEB8-8B4A-11D0-8D11-00A0C91BC942}") = "Framework", "Framework\Framework.vcxproj", "{19780716-3B2F-4524-BC66-37010518CA52}"
EndProject
Project("{8BC9CEB8-8B4A-11D0-8D11-00A0C91BC942}") = "Singleton", "Singleton\Singleton.vcxproj", "{C8D3EF99-92A3-483A-8F66-A6E6F0528AE6}"
EndProject
Project("{8BC9CEB8-8B4A-11D0-8D11-00A0C91BC942}") = "Exercise_01", "Exercise_01\Exercise_01.vcxproj", "{D4861E3C-95C2-465B-9C6F-637381A7AE4E}"
EndProject
Global
	GlobalSection(SolutionConfigurationPlatforms) = preSolution
		Debug|x64 = Debug|x64
		Debug|x86 = Debug|x86
		Release|x64 = Release|x64
		Release|x86 = Release|x86
	EndGlobalSection
	GlobalSection(ProjectConfigurationPlatforms) = postSolution
		{19780716-3B2F-4524-BC66-37010518CA52}.Debug|x64.ActiveCfg = Debug|x64
		{19780716-3B2F-4524-BC66-37010518CA52}.Debug|x64.Build.0 = Debug|x64
		{19780716-3B2F-4524-BC66-37010518CA52}.Debug|x86.ActiveCfg = Debug|Win32
		{19780716-3B2F-4524-BC66-37010518CA52}.Debug|x86.Build.0 = Debug|Win32
		{19780716-3B2F-4524-BC66-37010518CA52}.Release|x64.ActiveCfg = Debug|x64
		{19780716-3B2F-4524-BC66-37010518CA52}.Release|x86.ActiveCfg = Debug|Win32
		{C8D3EF99-92A3-483A-8F66-A6E6F0528AE6}.Debug|x64.ActiveCfg = Debug|x64
		{C8D3EF99-92A3-483A-8F66-A6E6F0528AE6}.Debug|x64.Build.0 = Debug|x64
		{C8D3EF99-92A3-483A-8F66-A6E6F0528AE6}.Debug|x86.ActiveCfg = Debug|Win32
		{C8D3EF99-92A3-483A-8F66-A6E6F0528AE6}.Debug|x86.Build.0 = Debug|Win32
		{C8D3EF99-92A3-483A-8F66-A6E6F0528AE6}.Release|x64.ActiveCfg = Release|x64
		{C8D3EF99-92A3-483A-8F66-A6E6F0528AE6}.Release|x64.Build.0 = Release|x64
		{C8D3EF99-92A3-483A-8F66-A6E6F0528AE6}.Release|x86.ActiveCfg = Release|Win32
		{C8D3EF99-92A3-483A-8F66-A6E6F0528AE6}.Release|x86.Build.0 = Release|Win32
		{D4861E3C-95C2-465B-9C6F-637381A7AE4E}.Debug|x64.ActiveCfg = Debug|x64
		{D4861E3C-95C2-465B-9C6F-637381A7AE4E}.Debug|x64.Build.0 = Debug|x64
		{D4861E3C-95C2-465B-9C6F-637381A7AE4E}.Debug|x86.ActiveCfg = Debug|Win32
		{D4861E3C-95C2-465B-9C6F-637381A7AE4E}.Debug|x86.Build.0 = Debug|Win32
		{D4861E3C-95C2-465B-9C6F-637381A7AE4E}.Release|x64.ActiveCfg = Release|x64
		{D4861E3C-95C2-465B-9C6F-637381A7AE4E}.Release|x64.Build.0 = Release|x64
		{D4861E3C-95C2-465B-9C6F-637381A7AE4E}.Release|x86.ActiveCfg = Release|Win32
		{D4861E3C-95C2-465B-9C6F-637381A7AE4E}.Release|x86.Build.0 = Release|Win32
	EndGlobalSection
	GlobalSection(SolutionProperties) = preSolution
		HideSolutionNode = FALSE
	EndGlobalSection
	GlobalSection(ExtensibilityGlobals) = postSolution
		SolutionGuid = {5BD3B5C1-4A73-41B3-9305-D150D938C8BB}
	EndGlobalSection
EndGlobal
